{
  "name": "food-turns-luck",
  "lockfileVersion": 3,
  "requires": true,
  "packages": {
    "": {
      "dependencies": {
        "tdesign-miniprogram": "^1.12.1"
      }
    },
    "node_modules/tdesign-miniprogram": {
      "version": "1.12.1",
      "resolved": "https://registry.npmmirror.com/tdesign-miniprogram/-/tdesign-miniprogram-1.12.1.tgz",
      "integrity": "sha512-L2w/6lqVXSCtptvlPGlY91dutMb3dJlx9rFpmpLRtG7c7v1l89rIhvgLRgsaBcwTA5btdB8VXGXpTVj621bv5w==",
      "license": "MIT"
    }
  }
}
